// !$*UTF8*$!
{
	archiveVersion = 1;
	classes = {
	};
	objectVersion = 77;
	objects = {

/* Begin PBXBuildFile section */
		ED24B3B43060E72000A46BBF /* WidgetKit.framework in Frameworks */ = {isa = PBXBuildFile; fileRef = ED24B3B33060E72000A46BBF /* WidgetKit.framework */; };
		ED24B3B63060E72000A46BBF /* SwiftUI.framework in Frameworks */ = {isa = PBXBuildFile; fileRef = ED24B3B53060E72000A46BBF /* SwiftUI.framework */; };
		ED24B3C53060E72200A46BBF /* SampaguitaWidgetExtension.appex in Embed Foundation Extensions */ = {isa = PBXBuildFile; fileRef = ED24B3B13060E72000A46BBF /* SampaguitaWidgetExtension.appex */; settings = {ATTRIBUTES = (RemoveHeadersOnCopy, ); }; };
		ED24B3CC3060E74D00A46BBF /* words-fil.json in Resources */ = {isa = PBXBuildFile; fileRef = ED24B3CB3060E73A00A46BBF /* words-fil.json */; };
		ED24B3DF3060E9F900A46BBF /* words-fil.json in Resources */ = {isa = PBXBuildFile; fileRef = ED24B3CB3060E73A00A46BBF /* words-fil.json */; };
		EDB4B5A93061B17700461DA5 /* words-fr.json in Resources */ = {isa = PBXBuildFile; fileRef = EDB4B5A83061B16E00461DA5 /* words-fr.json */; };
		EDB4B5AA3061B17700461DA5 /* words-fr.json in Resources */ = {isa = PBXBuildFile; fileRef = EDB4B5A83061B16E00461DA5 /* words-fr.json */; };
/* End PBXBuildFile section */

/* Begin PBXContainerItemProxy section */
		ED24B3C33060E72200A46BBF /* PBXContainerItemProxy */ = {
			isa = PBXContainerItemProxy;
			containerPortal = ED24B3973060E5CF00A46BBF /* Project object */;
			proxyType = 1;
			remoteGlobalIDString = ED24B3B03060E72000A46BBF;
			remoteInfo = SampaguitaWidgetExtension;
		};
/* End PBXContainerItemProxy section */

/* Begin PBXCopyFilesBuildPhase section */
		ED24B3CA3060E72200A46BBF /* Embed Foundation Extensions */ = {
			isa = PBXCopyFilesBuildPhase;
			buildActionMask = 2147483647;
			dstPath = "";
			dstSubfolderSpec = 13;
			files = (
				ED24B3C53060E72200A46BBF /* SampaguitaWidgetExtension.appex in Embed Foundation Extensions */,
			);
			name = "Embed Foundation Extensions";
			runOnlyForDeploymentPostprocessing = 0;
		};
/* End PBXCopyFilesBuildPhase section */

/* Begin PBXFileReference section */
		ED24B39F3060E5CF00A46BBF /* Sampaguita.app */ = {isa = PBXFileReference; explicitFileType = wrapper.application; includeInIndex = 0; path = Sampaguita.app; sourceTree = BUILT_PRODUCTS_DIR; };
		ED24B3B13060E72000A46BBF /* SampaguitaWidgetExtension.appex */ = {isa = PBXFileReference; explicitFileType = "wrapper.app-extension"; includeInIndex = 0; path = SampaguitaWidgetExtension.appex; sourceTree = BUILT_PRODUCTS_DIR; };
		ED24B3B33060E72000A46BBF /* WidgetKit.framework */ = {isa = PBXFileReference; lastKnownFileType = wrapper.framework; name = WidgetKit.framework; path = System/Library/Frameworks/WidgetKit.framework; sourceTree = SDKROOT; };
		ED24B3B53060E72000A46BBF /* SwiftUI.framework */ = {isa = PBXFileReference; lastKnownFileType = wrapper.framework; name = SwiftUI.framework; path = System/Library/Frameworks/SwiftUI.framework; sourceTree = SDKROOT; };
		ED24B3CB3060E73A00A46BBF /* words-fil.json */ = {isa = PBXFileReference; lastKnownFileType = text.json; path = "words-fil.json"; sourceTree = "<group>"; };
		EDB4B5A83061B16E00461DA5 /* words-fr.json */ = {isa = PBXFileReference; lastKnownFileType = text.json; path = "words-fr.json"; sourceTree = "<group>"; };
		EDB4B5AC3061B68A00461DA5 /* SampaguitaWidgetExtension.entitlements */ = {isa = PBXFileReference; lastKnownFileType = text.plist.entitlements; path = SampaguitaWidgetExtension.entitlements; sourceTree = "<group>"; };
/* End PBXFileReference section */

/* Begin PBXFileSystemSynchronizedBuildFileExceptionSet section */
		ED24B3C63060E72200A46BBF /* Exceptions for "SampaguitaWidget" folder in "SampaguitaWidgetExtension" target */ = {
			isa = PBXFileSystemSynchronizedBuildFileExceptionSet;
			membershipExceptions = (
				Info.plist,
			);
			target = ED24B3B03060E72000A46BBF /* SampaguitaWidgetExtension */;
		};
		EDB4B5B03061B6D600461DA5 /* Exceptions for "Sampaguita" folder in "SampaguitaWidgetExtension" target */ = {
			isa = PBXFileSystemSynchronizedBuildFileExceptionSet;
			membershipExceptions = (
				SharedSettings.swift,
			);
			target = ED24B3B03060E72000A46BBF /* SampaguitaWidgetExtension */;
		};
/* End PBXFileSystemSynchronizedBuildFileExceptionSet section */

/* Begin PBXFileSystemSynchronizedRootGroup section */
		ED24B3A13060E5CF00A46BBF /* Sampaguita */ = {
			isa = PBXFileSystemSynchronizedRootGroup;
			exceptions = (
				EDB4B5B03061B6D600461DA5 /* Exceptions for "Sampaguita" folder in "SampaguitaWidgetExtension" target */,
			);
			path = Sampaguita;
			sourceTree = "<group>";
		};
		ED24B3B73060E72000A46BBF /* SampaguitaWidget */ = {
			isa = PBXFileSystemSynchronizedRootGroup;
			exceptions = (
				ED24B3C63060E72200A46BBF /* Exceptions for "SampaguitaWidget" folder in "SampaguitaWidgetExtension" target */,
			);
			path = SampaguitaWidget;
			sourceTree = "<group>";
		};
/* End PBXFileSystemSynchronizedRootGroup section */

/* Begin PBXFrameworksBuildPhase section */
		ED24B39C3060E5CF00A46BBF /* Frameworks */ = {
			isa = PBXFrameworksBuildPhase;
			buildActionMask = 2147483647;
			files = (
			);
			runOnlyForDeploymentPostprocessing = 0;
		};
		ED24B3AE3060E72000A46BBF /* Frameworks */ = {
			isa = PBXFrameworksBuildPhase;
			buildActionMask = 2147483647;
			files = (
				ED24B3B63060E72000A46BBF /* SwiftUI.framework in Frameworks */,
				ED24B3B43060E72000A46BBF /* WidgetKit.framework in Frameworks */,
			);
			runOnlyForDeploymentPostprocessing = 0;
		};
/* End PBXFrameworksBuildPhase section */

/* Begin PBXGroup section */
		ED24B3963060E5CF00A46BBF = {
			isa = PBXGroup;
			children = (
				EDB4B5AC3061B68A00461DA5 /* SampaguitaWidgetExtension.entitlements */,
				ED24B3A13060E5CF00A46BBF /* Sampaguita */,
				ED24B3B73060E72000A46BBF /* SampaguitaWidget */,
				ED24B3B23060E72000A46BBF /* Frameworks */,
				ED24B3A03060E5CF00A46BBF /* Products */,
				ED24B3CB3060E73A00A46BBF /* words-fil.json */,
				EDB4B5A83061B16E00461DA5 /* words-fr.json */,
			);
			sourceTree = "<group>";
		};
		ED24B3A03060E5CF00A46BBF /* Products */ = {
			isa = PBXGroup;
			children = (
				ED24B39F3060E5CF00A46BBF /* Sampaguita.app */,
				ED24B3B13060E72000A46BBF /* SampaguitaWidgetExtension.appex */,
			);
			name = Products;
			sourceTree = "<group>";
		};
		ED24B3B23060E72000A46BBF /* Frameworks */ = {
			isa = PBXGroup;
			children = (
				ED24B3B33060E72000A46BBF /* WidgetKit.framework */,
				ED24B3B53060E72000A46BBF /* SwiftUI.framework */,
			);
			name = Frameworks;
			sourceTree = "<group>";
		};
/* End PBXGroup section */

/* Begin PBXNativeTarget section */
		ED24B39E3060E5CF00A46BBF /* Sampaguita */ = {
			isa = PBXNativeTarget;
			buildConfigurationList = ED24B3AA3060E5D000A46BBF /* Build configuration list for PBXNativeTarget "Sampaguita" */;
			buildPhases = (
				ED24B39B3060E5CF00A46BBF /* Sources */,
				ED24B39C3060E5CF00A46BBF /* Frameworks */,
				ED24B39D3060E5CF00A46BBF /* Resources */,
				ED24B3CA3060E72200A46BBF /* Embed Foundation Extensions */,
			);
			buildRules = (
			);
			dependencies = (
				ED24B3C43060E72200A46BBF /* PBXTargetDependency */,
			);
			fileSystemSynchronizedGroups = (
				ED24B3A13060E5CF00A46BBF /* Sampaguita */,
			);
			name = Sampaguita;
			packageProductDependencies = (
			);
			productName = Sampaguita;
			productReference = ED24B39F3060E5CF00A46BBF /* Sampaguita.app */;
			productType = "com.apple.product-type.application";
		};
		ED24B3B03060E72000A46BBF /* SampaguitaWidgetExtension */ = {
			isa = PBXNativeTarget;
			buildConfigurationList = ED24B3C73060E72200A46BBF /* Build configuration list for PBXNativeTarget "SampaguitaWidgetExtension" */;
			buildPhases = (
				ED24B3AD3060E72000A46BBF /* Sources */,
				ED24B3AE3060E72000A46BBF /* Frameworks */,
				ED24B3AF3060E72000A46BBF /* Resources */,
			);
			buildRules = (
			);
			dependencies = (
			);
			fileSystemSynchronizedGroups = (
				ED24B3B73060E72000A46BBF /* SampaguitaWidget */,
			);
			name = SampaguitaWidgetExtension;
			packageProductDependencies = (
			);
			productName = SampaguitaWidgetExtension;
			productReference = ED24B3B13060E72000A46BBF /* SampaguitaWidgetExtension.appex */;
			productType = "com.apple.product-type.app-extension";
		};
/* End PBXNativeTarget section */

/* Begin PBXProject section */
		ED24B3973060E5CF00A46BBF /* Project object */ = {
			isa = PBXProject;
			attributes = {
				BuildIndependentTargetsInParallel = 1;
				LastSwiftUpdateCheck = 2650;
				LastUpgradeCheck = 2650;
				TargetAttributes = {
					ED24B39E3060E5CF00A46BBF = {
						CreatedOnToolsVersion = 26.5;
					};
					ED24B3B03060E72000A46BBF = {
						CreatedOnToolsVersion = 26.5;
					};
				};
			};
			buildConfigurationList = ED24B39A3060E5CF00A46BBF /* Build configuration list for PBXProject "Sampaguita" */;
			developmentRegion = en;
			hasScannedForEncodings = 0;
			knownRegions = (
				en,
				Base,
			);
			mainGroup = ED24B3963060E5CF00A46BBF;
			minimizedProjectReferenceProxies = 1;
			preferredProjectObjectVersion = 77;
			productRefGroup = ED24B3A03060E5CF00A46BBF /* Products */;
			projectDirPath = "";
			projectRoot = "";
			targets = (
				ED24B39E3060E5CF00A46BBF /* Sampaguita */,
				ED24B3B03060E72000A46BBF /* SampaguitaWidgetExtension */,
			);
		};
/* End PBXProject section */

/* Begin PBXResourcesBuildPhase section */
		ED24B39D3060E5CF00A46BBF /* Resources */ = {
			isa = PBXResourcesBuildPhase;
			buildActionMask = 2147483647;
			files = (
				ED24B3CC3060E74D00A46BBF /* words-fil.json in Resources */,
				EDB4B5AA3061B17700461DA5 /* words-fr.json in Resources */,
			);
			runOnlyForDeploymentPostprocessing = 0;
		};
		ED24B3AF3060E72000A46BBF /* Resources */ = {
			isa = PBXResourcesBuildPhase;
			buildActionMask = 2147483647;
			files = (
				ED24B3DF3060E9F900A46BBF /* words-fil.json in Resources */,
				EDB4B5A93061B17700461DA5 /* words-fr.json in Resources */,
			);
			runOnlyForDeploymentPostprocessing = 0;
		};
/* End PBXResourcesBuildPhase section */

/* Begin PBXSourcesBuildPhase section */
		ED24B39B3060E5CF00A46BBF /* Sources */ = {
			isa = PBXSourcesBuildPhase;
			buildActionMask = 2147483647;
			files = (
			);
			runOnlyForDeploymentPostprocessing = 0;
		};
		ED24B3AD3060E72000A46BBF /* Sources */ = {
			isa = PBXSourcesBuildPhase;
			buildActionMask = 2147483647;
			files = (
			);
			runOnlyForDeploymentPostprocessing = 0;
		};
/* End PBXSourcesBuildPhase section */

/* Begin PBXTargetDependency section */
		ED24B3C43060E72200A46BBF /* PBXTargetDependency */ = {
			isa = PBXTargetDependency;
			target = ED24B3B03060E72000A46BBF /* SampaguitaWidgetExtension */;
			targetProxy = ED24B3C33060E72200A46BBF /* PBXContainerItemProxy */;
		};
/* End PBXTargetDependency section */

/* Begin XCBuildConfiguration section */
		ED24B3A83060E5D000A46BBF /* Debug */ = {
			isa = XCBuildConfiguration;
			buildSettings = {
				ALWAYS_SEARCH_USER_PATHS = NO;
				ASSETCATALOG_COMPILER_GENERATE_SWIFT_ASSET_SYMBOL_EXTENSIONS = YES;
				CLANG_ANALYZER_NONNULL = YES;
				CLANG_ANALYZER_NUMBER_OBJECT_CONVERSION = YES_AGGRESSIVE;
				CLANG_CXX_LANGUAGE_STANDARD = "gnu++20";
				CLANG_ENABLE_MODULES = YES;
				CLANG_ENABLE_OBJC_ARC = YES;
				CLANG_ENABLE_OBJC_WEAK = YES;
				CLANG_WARN_BLOCK_CAPTURE_AUTORELEASING = YES;
				CLANG_WARN_BOOL_CONVERSION = YES;
				CLANG_WARN_COMMA = YES;
				CLANG_WARN_CONSTANT_CONVERSION = YES;
				CLANG_WARN_DEPRECATED_OBJC_IMPLEMENTATIONS = YES;
				CLANG_WARN_DIRECT_OBJC_ISA_USAGE = YES_ERROR;
				CLANG_WARN_DOCUMENTATION_COMMENTS = YES;
				CLANG_WARN_EMPTY_BODY = YES;
				CLANG_WARN_ENUM_CONVERSION = YES;
				CLANG_WARN_INFINITE_RECURSION = YES;
				CLANG_WARN_INT_CONVERSION = YES;
				CLANG_WARN_NON_LITERAL_NULL_CONVERSION = YES;
				CLANG_WARN_OBJC_IMPLICIT_RETAIN_SELF = YES;
				CLANG_WARN_OBJC_LITERAL_CONVERSION = YES;
				CLANG_WARN_OBJC_ROOT_CLASS = YES_ERROR;
				CLANG_WARN_QUOTED_INCLUDE_IN_FRAMEWORK_HEADER = YES;
				CLANG_WARN_RANGE_LOOP_ANALYSIS = YES;
				CLANG_WARN_STRICT_PROTOTYPES = YES;
				CLANG_WARN_SUSPICIOUS_MOVE = YES;
				CLANG_WARN_UNGUARDED_AVAILABILITY = YES_AGGRESSIVE;
				CLANG_WARN_UNREACHABLE_CODE = YES;
				CLANG_WARN__DUPLICATE_METHOD_MATCH = YES;
				COPY_PHASE_STRIP = NO;
				DEBUG_INFORMATION_FORMAT = dwarf;
				DEVELOPMENT_TEAM = P6WRVQ9NXJ;
				ENABLE_STRICT_OBJC_MSGSEND = YES;
				ENABLE_TESTABILITY = YES;
				ENABLE_USER_SCRIPT_SANDBOXING = YES;
				GCC_C_LANGUAGE_STANDARD = gnu17;
				GCC_DYNAMIC_NO_PIC = NO;
				GCC_NO_COMMON_BLOCKS = YES;
				GCC_OPTIMIZATION_LEVEL = 0;
				GCC_PREPROCESSOR_DEFINITIONS = (
					"DEBUG=1",
					"$(inherited)",
				);
				GCC_WARN_64_TO_32_BIT_CONVERSION = YES;
				GCC_WARN_ABOUT_RETURN_TYPE = YES_ERROR;
				GCC_WARN_UNDECLARED_SELECTOR = YES;
				GCC_WARN_UNINITIALIZED_AUTOS = YES_AGGRESSIVE;
				GCC_WARN_UNUSED_FUNCTION = YES;
				GCC_WARN_UNUSED_VARIABLE = YES;
				IPHONEOS_DEPLOYMENT_TARGET = 26.5;
				LOCALIZATION_PREFERS_STRING_CATALOGS = YES;
				MTL_ENABLE_DEBUG_INFO = INCLUDE_SOURCE;
				MTL_FAST_MATH = YES;
				ONLY_ACTIVE_ARCH = YES;
				SDKROOT = iphoneos;
				SWIFT_ACTIVE_COMPILATION_CONDITIONS = "DEBUG $(inherited)";
				SWIFT_OPTIMIZATION_LEVEL = "-Onone";
			};
			name = Debug;
		};
		ED24B3A93060E5D000A46BBF /* Release */ = {
			isa = XCBuildConfiguration;
			buildSettings = {
				ALWAYS_SEARCH_USER_PATHS = NO;
				ASSETCATALOG_COMPILER_GENERATE_SWIFT_ASSET_SYMBOL_EXTENSIONS = YES;
				CLANG_ANALYZER_NONNULL = YES;
				CLANG_ANALYZER_NUMBER_OBJECT_CONVERSION = YES_AGGRESSIVE;
				CLANG_CXX_LANGUAGE_STANDARD = "gnu++20";
				CLANG_ENABLE_MODULES = YES;
				CLANG_ENABLE_OBJC_ARC = YES;
				CLANG_ENABLE_OBJC_WEAK = YES;
				CLANG_WARN_BLOCK_CAPTURE_AUTORELEASING = YES;
				CLANG_WARN_BOOL_CONVERSION = YES;
				CLANG_WARN_COMMA = YES;
				CLANG_WARN_CONSTANT_CONVERSION = YES;
				CLANG_WARN_DEPRECATED_OBJC_IMPLEMENTATIONS = YES;
				CLANG_WARN_DIRECT_OBJC_ISA_USAGE = YES_ERROR;
				CLANG_WARN_DOCUMENTATION_COMMENTS = YES;
				CLANG_WARN_EMPTY_BODY = YES;
				CLANG_WARN_ENUM_CONVERSION = YES;
				CLANG_WARN_INFINITE_RECURSION = YES;
				CLANG_WARN_INT_CONVERSION = YES;
				CLANG_WARN_NON_LITERAL_NULL_CONVERSION = YES;
				CLANG_WARN_OBJC_IMPLICIT_RETAIN_SELF = YES;
				CLANG_WARN_OBJC_LITERAL_CONVERSION = YES;
				CLANG_WARN_OBJC_ROOT_CLASS = YES_ERROR;
				CLANG_WARN_QUOTED_INCLUDE_IN_FRAMEWORK_HEADER = YES;
				CLANG_WARN_RANGE_LOOP_ANALYSIS = YES;
				CLANG_WARN_STRICT_PROTOTYPES = YES;
				CLANG_WARN_SUSPICIOUS_MOVE = YES;
				CLANG_WARN_UNGUARDED_AVAILABILITY = YES_AGGRESSIVE;
				CLANG_WARN_UNREACHABLE_CODE = YES;
				CLANG_WARN__DUPLICATE_METHOD_MATCH = YES;
				COPY_PHASE_STRIP = NO;
				DEBUG_INFORMATION_FORMAT = "dwarf-with-dsym";
				DEVELOPMENT_TEAM = P6WRVQ9NXJ;
				ENABLE_NS_ASSERTIONS = NO;
				ENABLE_STRICT_OBJC_MSGSEND = YES;
				ENABLE_USER_SCRIPT_SANDBOXING = YES;
				GCC_C_LANGUAGE_STANDARD = gnu17;
				GCC_NO_COMMON_BLOCKS = YES;
				GCC_WARN_64_TO_32_BIT_CONVERSION = YES;
				GCC_WARN_ABOUT_RETURN_TYPE = YES_ERROR;
				GCC_WARN_UNDECLARED_SELECTOR = YES;
				GCC_WARN_UNINITIALIZED_AUTOS = YES_AGGRESSIVE;
				GCC_WARN_UNUSED_FUNCTION = YES;
				GCC_WARN_UNUSED_VARIABLE = YES;
				IPHONEOS_DEPLOYMENT_TARGET = 26.5;
				LOCALIZATION_PREFERS_STRING_CATALOGS = YES;
				MTL_ENABLE_DEBUG_INFO = NO;
				MTL_FAST_MATH = YES;
				SDKROOT = iphoneos;
				SWIFT_COMPILATION_MODE = wholemodule;
				VALIDATE_PRODUCT = YES;
			};
			name = Release;
		};
		ED24B3AB3060E5D000A46BBF /* Debug */ = {
			isa = XCBuildConfiguration;
			buildSettings = {
				ASSETCATALOG_COMPILER_APPICON_NAME = AppIcon;
				ASSETCATALOG_COMPILER_GLOBAL_ACCENT_COLOR_NAME = AccentColor;
				CODE_SIGN_ENTITLEMENTS = Sampaguita/Sampaguita.entitlements;
				CODE_SIGN_STYLE = Automatic;
				CURRENT_PROJECT_VERSION = 1;
				DEVELOPMENT_TEAM = P6WRVQ9NXJ;
				ENABLE_PREVIEWS = YES;
				GENERATE_INFOPLIST_FILE = YES;
				INFOPLIST_KEY_UIApplicationSceneManifest_Generation = YES;
				INFOPLIST_KEY_UIApplicationSupportsIndirectInputEvents = YES;
				INFOPLIST_KEY_UILaunchScreen_Generation = YES;
				INFOPLIST_KEY_UISupportedInterfaceOrientations_iPad = "UIInterfaceOrientationPortrait UIInterfaceOrientationPortraitUpsideDown UIInterfaceOrientationLandscapeLeft UIInterfaceOrientationLandscapeRight";
				INFOPLIST_KEY_UISupportedInterfaceOrientations_iPhone = "UIInterfaceOrientationPortrait UIInterfaceOrientationLandscapeLeft UIInterfaceOrientationLandscapeRight";
				LD_RUNPATH_SEARCH_PATHS = (
					"$(inherited)",
					"@executable_path/Frameworks",
				);
				MARKETING_VERSION = 1.0;
				PRODUCT_BUNDLE_IDENTIFIER = com.blackbaccaraproductions.Sampaguita;
				PRODUCT_NAME = "$(TARGET_NAME)";
				REGISTER_APP_GROUPS = YES;
				STRING_CATALOG_GENERATE_SYMBOLS = YES;
				SWIFT_APPROACHABLE_CONCURRENCY = YES;
				SWIFT_DEFAULT_ACTOR_ISOLATION = MainActor;
				SWIFT_EMIT_LOC_STRINGS = YES;
				SWIFT_UPCOMING_FEATURE_MEMBER_IMPORT_VISIBILITY = YES;
				SWIFT_VERSION = 5.0;
				TARGETED_DEVICE_FAMILY = "1,2";
			};
			name = Debug;
		};
		ED24B3AC3060E5D000A46BBF /* Release */ = {
			isa = XCBuildConfiguration;
			buildSettings = {
				ASSETCATALOG_COMPILER_APPICON_NAME = AppIcon;
				ASSETCATALOG_COMPILER_GLOBAL_ACCENT_COLOR_NAME = AccentColor;
				CODE_SIGN_ENTITLEMENTS = Sampaguita/Sampaguita.entitlements;
				CODE_SIGN_STYLE = Automatic;
				CURRENT_PROJECT_VERSION = 1;
				DEVELOPMENT_TEAM = P6WRVQ9NXJ;
				ENABLE_PREVIEWS = YES;
				GENERATE_INFOPLIST_FILE = YES;
				INFOPLIST_KEY_UIApplicationSceneManifest_Generation = YES;
				INFOPLIST_KEY_UIApplicationSupportsIndirectInputEvents = YES;
				INFOPLIST_KEY_UILaunchScreen_Generation = YES;
				INFOPLIST_KEY_UISupportedInterfaceOrientations_iPad = "UIInterfaceOrientationPortrait UIInterfaceOrientationPortraitUpsideDown UIInterfaceOrientationLandscapeLeft UIInterfaceOrientationLandscapeRight";
				INFOPLIST_KEY_UISupportedInterfaceOrientations_iPhone = "UIInterfaceOrientationPortrait UIInterfaceOrientationLandscapeLeft UIInterfaceOrientationLandscapeRight";
				LD_RUNPATH_SEARCH_PATHS = (
					"$(inherited)",
					"@executable_path/Frameworks",
				);
				MARKETING_VERSION = 1.0;
				PRODUCT_BUNDLE_IDENTIFIER = com.blackbaccaraproductions.Sampaguita;
				PRODUCT_NAME = "$(TARGET_NAME)";
				REGISTER_APP_GROUPS = YES;
				STRING_CATALOG_GENERATE_SYMBOLS = YES;
				SWIFT_APPROACHABLE_CONCURRENCY = YES;
				SWIFT_DEFAULT_ACTOR_ISOLATION = MainActor;
				SWIFT_EMIT_LOC_STRINGS = YES;
				SWIFT_UPCOMING_FEATURE_MEMBER_IMPORT_VISIBILITY = YES;
				SWIFT_VERSION = 5.0;
				TARGETED_DEVICE_FAMILY = "1,2";
			};
			name = Release;
		};
		ED24B3C83060E72200A46BBF /* Debug */ = {
			isa = XCBuildConfiguration;
			buildSettings = {
				ASSETCATALOG_COMPILER_GLOBAL_ACCENT_COLOR_NAME = AccentColor;
				ASSETCATALOG_COMPILER_WIDGET_BACKGROUND_COLOR_NAME = WidgetBackground;
				CODE_SIGN_ENTITLEMENTS = SampaguitaWidgetExtension.entitlements;
				CODE_SIGN_STYLE = Automatic;
				CURRENT_PROJECT_VERSION = 1;
				DEVELOPMENT_TEAM = P6WRVQ9NXJ;
				GENERATE_INFOPLIST_FILE = YES;
				INFOPLIST_FILE = SampaguitaWidget/Info.plist;
				INFOPLIST_KEY_CFBundleDisplayName = SampaguitaWidget;
				INFOPLIST_KEY_NSHumanReadableCopyright = "";
				LD_RUNPATH_SEARCH_PATHS = (
					"$(inherited)",
					"@executable_path/Frameworks",
					"@executable_path/../../Frameworks",
				);
				MARKETING_VERSION = 1.0;
				PRODUCT_BUNDLE_IDENTIFIER = com.blackbaccaraproductions.Sampaguita.SampaguitaWidget;
				PRODUCT_NAME = "$(TARGET_NAME)";
				REGISTER_APP_GROUPS = YES;
				SKIP_INSTALL = YES;
				STRING_CATALOG_GENERATE_SYMBOLS = YES;
				SWIFT_APPROACHABLE_CONCURRENCY = YES;
				SWIFT_EMIT_LOC_STRINGS = YES;
				SWIFT_UPCOMING_FEATURE_MEMBER_IMPORT_VISIBILITY = YES;
				SWIFT_VERSION = 5.0;
				TARGETED_DEVICE_FAMILY = "1,2";
			};
			name = Debug;
		};
		ED24B3C93060E72200A46BBF /* Release */ = {
			isa = XCBuildConfiguration;
			buildSettings = {
				ASSETCATALOG_COMPILER_GLOBAL_ACCENT_COLOR_NAME = AccentColor;
				ASSETCATALOG_COMPILER_WIDGET_BACKGROUND_COLOR_NAME = WidgetBackground;
				CODE_SIGN_ENTITLEMENTS = SampaguitaWidgetExtension.entitlements;
				CODE_SIGN_STYLE = Automatic;
				CURRENT_PROJECT_VERSION = 1;
				DEVELOPMENT_TEAM = P6WRVQ9NXJ;
				GENERATE_INFOPLIST_FILE = YES;
				INFOPLIST_FILE = SampaguitaWidget/Info.plist;
				INFOPLIST_KEY_CFBundleDisplayName = SampaguitaWidget;
				INFOPLIST_KEY_NSHumanReadableCopyright = "";
				LD_RUNPATH_SEARCH_PATHS = (
					"$(inherited)",
					"@executable_path/Frameworks",
					"@executable_path/../../Frameworks",
				);
				MARKETING_VERSION = 1.0;
				PRODUCT_BUNDLE_IDENTIFIER = com.blackbaccaraproductions.Sampaguita.SampaguitaWidget;
				PRODUCT_NAME = "$(TARGET_NAME)";
				REGISTER_APP_GROUPS = YES;
				SKIP_INSTALL = YES;
				STRING_CATALOG_GENERATE_SYMBOLS = YES;
				SWIFT_APPROACHABLE_CONCURRENCY = YES;
				SWIFT_EMIT_LOC_STRINGS = YES;
				SWIFT_UPCOMING_FEATURE_MEMBER_IMPORT_VISIBILITY = YES;
				SWIFT_VERSION = 5.0;
				TARGETED_DEVICE_FAMILY = "1,2";
			};
			name = Release;
		};
/* End XCBuildConfiguration section */

/* Begin XCConfigurationList section */
		ED24B39A3060E5CF00A46BBF /* Build configuration list for PBXProject "Sampaguita" */ = {
			isa = XCConfigurationList;
			buildConfigurations = (
				ED24B3A83060E5D000A46BBF /* Debug */,
				ED24B3A93060E5D000A46BBF /* Release */,
			);
			defaultConfigurationIsVisible = 0;
			defaultConfigurationName = Release;
		};
		ED24B3AA3060E5D000A46BBF /* Build configuration list for PBXNativeTarget "Sampaguita" */ = {
			isa = XCConfigurationList;
			buildConfigurations = (
				ED24B3AB3060E5D000A46BBF /* Debug */,
				ED24B3AC3060E5D000A46BBF /* Release */,
			);
			defaultConfigurationIsVisible = 0;
			defaultConfigurationName = Release;
		};
		ED24B3C73060E72200A46BBF /* Build configuration list for PBXNativeTarget "SampaguitaWidgetExtension" */ = {
			isa = XCConfigurationList;
			buildConfigurations = (
				ED24B3C83060E72200A46BBF /* Debug */,
				ED24B3C93060E72200A46BBF /* Release */,
			);
			defaultConfigurationIsVisible = 0;
			defaultConfigurationName = Release;
		};
/* End XCConfigurationList section */
	};
	rootObject = ED24B3973060E5CF00A46BBF /* Project object */;
}
